
Microsoft Visual Studio Solution File, Format Version 11.00
# Visual Studio 2010
Project("{FAE04EC0-301F-11D3-BF4B-00C04F79EFBC}") = "Assembly-CSharp", "Assembly-CSharp.csproj", "{18224D6E-A030-2CC4-67F4-5BB9453D3607}"
EndProject
Project("{FAE04EC0-301F-11D3-BF4B-00C04F79EFBC}") = "Assembly-CSharp-Editor", "Assembly-CSharp-Editor.csproj", "{AB5A3660-C5D3-D56A-D8FD-DE1E78AFA738}"
EndProject
Global
	GlobalSection(SolutionConfigurationPlatforms) = preSolution
		Debug|Any CPU = Debug|Any CPU
		Release|Any CPU = Release|Any CPU
	EndGlobalSection
	GlobalSection(ProjectConfigurationPlatforms) = postSolution
		{18224D6E-A030-2CC4-67F4-5BB9453D3607}.Debug|Any CPU.ActiveCfg = Debug|Any CPU
		{18224D6E-A030-2CC4-67F4-5BB9453D3607}.Debug|Any CPU.Build.0 = Debug|Any CPU
		{18224D6E-A030-2CC4-67F4-5BB9453D3607}.Release|Any CPU.ActiveCfg = Release|Any CPU
		{18224D6E-A030-2CC4-67F4-5BB9453D3607}.Release|Any CPU.Build.0 = Release|Any CPU
		{AB5A3660-C5D3-D56A-D8FD-DE1E78AFA738}.Debug|Any CPU.ActiveCfg = Debug|Any CPU
		{AB5A3660-C5D3-D56A-D8FD-DE1E78AFA738}.Debug|Any CPU.Build.0 = Debug|Any CPU
		{AB5A3660-C5D3-D56A-D8FD-DE1E78AFA738}.Release|Any CPU.ActiveCfg = Release|Any CPU
		{AB5A3660-C5D3-D56A-D8FD-DE1E78AFA738}.Release|Any CPU.Build.0 = Release|Any CPU
	EndGlobalSection
	GlobalSection(SolutionProperties) = preSolution
		HideSolutionNode = FALSE
	EndGlobalSection
	GlobalSection(MonoDevelopProperties) = preSolution
		StartupItem = Assembly-CSharp.csproj
	EndGlobalSection
EndGlobal
